// !$*UTF8*$!
{
	archiveVersion = 1;
	classes = {
	};
	objectVersion = 46;
	objects = {

/* Begin PBXBuildFile section */
		A4734C591BEDE5FC0059F541 /* NSDate+StringFormatting.m in Sources */ = {isa = PBXBuildFile; fileRef = A4734C581BEDE5FC0059F541 /* NSDate+StringFormatting.m */; };
		A47F669A1BECA60A00F6BBFF /* BotCollection.m in Sources */ = {isa = PBXBuildFile; fileRef = A47F66991BECA60A00F6BBFF /* BotCollection.m */; };
		A47F669D1BECA68A00F6BBFF /* Bot.m in Sources */ = {isa = PBXBuildFile; fileRef = A47F669C1BECA68A00F6BBFF /* Bot.m */; };
		A47F66A31BED146F00F6BBFF /* TRVSURLSessionOperation.m in Sources */ = {isa = PBXBuildFile; fileRef = A47F66A21BED146F00F6BBFF /* TRVSURLSessionOperation.m */; };
		A47F66A61BED159300F6BBFF /* BaseModel.m in Sources */ = {isa = PBXBuildFile; fileRef = A47F66A51BED159300F6BBFF /* BaseModel.m */; };
		A47F66A91BED393500F6BBFF /* IntegrationCollection.m in Sources */ = {isa = PBXBuildFile; fileRef = A47F66A81BED393500F6BBFF /* IntegrationCollection.m */; };
		A47F66AC1BED394E00F6BBFF /* Integration.m in Sources */ = {isa = PBXBuildFile; fileRef = A47F66AB1BED394E00F6BBFF /* Integration.m */; };
		A47F66AF1BED44C800F6BBFF /* ServerDataManager.m in Sources */ = {isa = PBXBuildFile; fileRef = A47F66AE1BED44C800F6BBFF /* ServerDataManager.m */; };
		A47F66B31BED4F3B00F6BBFF /* UserDefaultsManager.m in Sources */ = {isa = PBXBuildFile; fileRef = A47F66B21BED4F3B00F6BBFF /* UserDefaultsManager.m */; };
		A47F66B51BED61ED00F6BBFF /* Assets.xcassets in Resources */ = {isa = PBXBuildFile; fileRef = A47F66B41BED61ED00F6BBFF /* Assets.xcassets */; };
		A47F66B81BED669800F6BBFF /* Server.m in Sources */ = {isa = PBXBuildFile; fileRef = A47F66B71BED669800F6BBFF /* Server.m */; };
		A4B9C6531BEC8CB0004E7E6C /* AFHTTPSessionManager.m in Sources */ = {isa = PBXBuildFile; fileRef = A4B9C6471BEC8CB0004E7E6C /* AFHTTPSessionManager.m */; };
		A4B9C6541BEC8CB0004E7E6C /* AFNetworkReachabilityManager.m in Sources */ = {isa = PBXBuildFile; fileRef = A4B9C64A1BEC8CB0004E7E6C /* AFNetworkReachabilityManager.m */; };
		A4B9C6551BEC8CB0004E7E6C /* AFSecurityPolicy.m in Sources */ = {isa = PBXBuildFile; fileRef = A4B9C64C1BEC8CB0004E7E6C /* AFSecurityPolicy.m */; };
		A4B9C6561BEC8CB0004E7E6C /* AFURLRequestSerialization.m in Sources */ = {isa = PBXBuildFile; fileRef = A4B9C64E1BEC8CB0004E7E6C /* AFURLRequestSerialization.m */; };
		A4B9C6571BEC8CB0004E7E6C /* AFURLResponseSerialization.m in Sources */ = {isa = PBXBuildFile; fileRef = A4B9C6501BEC8CB0004E7E6C /* AFURLResponseSerialization.m */; };
		A4B9C6581BEC8CB0004E7E6C /* AFURLSessionManager.m in Sources */ = {isa = PBXBuildFile; fileRef = A4B9C6521BEC8CB0004E7E6C /* AFURLSessionManager.m */; };
		A4B9C65E1BEC8D5F004E7E6C /* BotDataManager.m in Sources */ = {isa = PBXBuildFile; fileRef = A4B9C65D1BEC8D5F004E7E6C /* BotDataManager.m */; };
		A4B9C6651BEC9244004E7E6C /* XcodeServerSessionManager.m in Sources */ = {isa = PBXBuildFile; fileRef = A4B9C6641BEC9244004E7E6C /* XcodeServerSessionManager.m */; };
		A4B9C6691BEC94BE004E7E6C /* XcodeServiceURLs.m in Sources */ = {isa = PBXBuildFile; fileRef = A4B9C6681BEC94BE004E7E6C /* XcodeServiceURLs.m */; };
		A4B9D70C1BEC889D000F1EEA /* FirstViewController.m in Sources */ = {isa = PBXBuildFile; fileRef = A4B9D6C71BEC889D000F1EEA /* FirstViewController.m */; };
		A4B9D70D1BEC889D000F1EEA /* SecondViewController.m in Sources */ = {isa = PBXBuildFile; fileRef = A4B9D6C91BEC889D000F1EEA /* SecondViewController.m */; };
		A4B9D70E1BEC889D000F1EEA /* AppDelegate.m in Sources */ = {isa = PBXBuildFile; fileRef = A4B9D6CB1BEC889D000F1EEA /* AppDelegate.m */; };
		A4B9D7221BEC889D000F1EEA /* JSONModel.m in Sources */ = {isa = PBXBuildFile; fileRef = A4B9D6FC1BEC889D000F1EEA /* JSONModel.m */; };
		A4B9D7231BEC889D000F1EEA /* JSONModelArray.m in Sources */ = {isa = PBXBuildFile; fileRef = A4B9D6FE1BEC889D000F1EEA /* JSONModelArray.m */; };
		A4B9D7241BEC889D000F1EEA /* JSONModelClassProperty.m in Sources */ = {isa = PBXBuildFile; fileRef = A4B9D7001BEC889D000F1EEA /* JSONModelClassProperty.m */; };
		A4B9D7251BEC889D000F1EEA /* JSONModelError.m in Sources */ = {isa = PBXBuildFile; fileRef = A4B9D7021BEC889D000F1EEA /* JSONModelError.m */; };
		A4B9D7261BEC889D000F1EEA /* NSArray+JSONModel.m in Sources */ = {isa = PBXBuildFile; fileRef = A4B9D7051BEC889D000F1EEA /* NSArray+JSONModel.m */; };
		A4B9D7271BEC889D000F1EEA /* JSONKeyMapper.m in Sources */ = {isa = PBXBuildFile; fileRef = A4B9D7091BEC889D000F1EEA /* JSONKeyMapper.m */; };
		A4B9D7281BEC889D000F1EEA /* JSONValueTransformer.m in Sources */ = {isa = PBXBuildFile; fileRef = A4B9D70B1BEC889D000F1EEA /* JSONValueTransformer.m */; };
		A4F6529D1BEC5D35008F0B14 /* main.m in Sources */ = {isa = PBXBuildFile; fileRef = A4F6529C1BEC5D35008F0B14 /* main.m */; };
		A4F652A91BEC5D35008F0B14 /* Main.storyboard in Resources */ = {isa = PBXBuildFile; fileRef = A4F652A71BEC5D35008F0B14 /* Main.storyboard */; };
		A4F652B61BEC5D35008F0B14 /* XcodeTVTests.m in Sources */ = {isa = PBXBuildFile; fileRef = A4F652B51BEC5D35008F0B14 /* XcodeTVTests.m */; };
		A4F652C11BEC5D35008F0B14 /* XcodeTVUITests.m in Sources */ = {isa = PBXBuildFile; fileRef = A4F652C01BEC5D35008F0B14 /* XcodeTVUITests.m */; };
		A4F7A8501BEDADBA00D30E87 /* ServerVersions.m in Sources */ = {isa = PBXBuildFile; fileRef = A4F7A84F1BEDADBA00D30E87 /* ServerVersions.m */; };
		A4F7A8551BEDC60600D30E87 /* IntegrationCollectionViewCell.m in Sources */ = {isa = PBXBuildFile; fileRef = A4F7A8541BEDC60600D30E87 /* IntegrationCollectionViewCell.m */; };
		A4F7A8581BEDDA4600D30E87 /* GradientMaskView.m in Sources */ = {isa = PBXBuildFile; fileRef = A4F7A8571BEDDA4600D30E87 /* GradientMaskView.m */; };
		A4F7A85B1BEDDAEA00D30E87 /* MaskPosition.m in Sources */ = {isa = PBXBuildFile; fileRef = A4F7A85A1BEDDAEA00D30E87 /* MaskPosition.m */; };
		A4F7A85F1BEDE14800D30E87 /* NSDate+RelativeDateString.m in Sources */ = {isa = PBXBuildFile; fileRef = A4F7A85E1BEDE14800D30E87 /* NSDate+RelativeDateString.m */; };
		A4F7A8631BEDE27700D30E87 /* Localizable.strings in Resources */ = {isa = PBXBuildFile; fileRef = A4F7A8611BEDE27700D30E87 /* Localizable.strings */; };
		A4F7A8641BEDE27700D30E87 /* Localizable.stringsdict in Resources */ = {isa = PBXBuildFile; fileRef = A4F7A8621BEDE27700D30E87 /* Localizable.stringsdict */; };
		A4F7A8681BEDE5D200D30E87 /* ISO8601DateFormatter.m in Sources */ = {isa = PBXBuildFile; fileRef = A4F7A8671BEDE5D200D30E87 /* ISO8601DateFormatter.m */; settings = {COMPILER_FLAGS = "-fno-objc-arc"; }; };
/* End PBXBuildFile section */

/* Begin PBXContainerItemProxy section */
		A4F652B21BEC5D35008F0B14 /* PBXContainerItemProxy */ = {
			isa = PBXContainerItemProxy;
			containerPortal = A4F652901BEC5D35008F0B14 /* Project object */;
			proxyType = 1;
			remoteGlobalIDString = A4F652971BEC5D35008F0B14;
			remoteInfo = XcodeTV;
		};
		A4F652BD1BEC5D35008F0B14 /* PBXContainerItemProxy */ = {
			isa = PBXContainerItemProxy;
			containerPortal = A4F652901BEC5D35008F0B14 /* Project object */;
			proxyType = 1;
			remoteGlobalIDString = A4F652971BEC5D35008F0B14;
			remoteInfo = XcodeTV;
		};
/* End PBXContainerItemProxy section */

/* Begin PBXFileReference section */
		A4734C571BEDE5FC0059F541 /* NSDate+StringFormatting.h */ = {isa = PBXFileReference; fileEncoding = 4; lastKnownFileType = sourcecode.c.h; path = "NSDate+StringFormatting.h"; sourceTree = "<group>"; };
		A4734C581BEDE5FC0059F541 /* NSDate+StringFormatting.m */ = {isa = PBXFileReference; fileEncoding = 4; lastKnownFileType = sourcecode.c.objc; path = "NSDate+StringFormatting.m"; sourceTree = "<group>"; };
		A47F66981BECA60A00F6BBFF /* BotCollection.h */ = {isa = PBXFileReference; fileEncoding = 4; lastKnownFileType = sourcecode.c.h; name = BotCollection.h; path = Classes/Models/BotCollection.h; sourceTree = "<group>"; };
		A47F66991BECA60A00F6BBFF /* BotCollection.m */ = {isa = PBXFileReference; fileEncoding = 4; lastKnownFileType = sourcecode.c.objc; name = BotCollection.m; path = Classes/Models/BotCollection.m; sourceTree = "<group>"; };
		A47F669B1BECA68A00F6BBFF /* Bot.h */ = {isa = PBXFileReference; fileEncoding = 4; lastKnownFileType = sourcecode.c.h; name = Bot.h; path = Classes/Models/Bot.h; sourceTree = "<group>"; };
		A47F669C1BECA68A00F6BBFF /* Bot.m */ = {isa = PBXFileReference; fileEncoding = 4; lastKnownFileType = sourcecode.c.objc; name = Bot.m; path = Classes/Models/Bot.m; sourceTree = "<group>"; };
		A47F66A11BED146F00F6BBFF /* TRVSURLSessionOperation.h */ = {isa = PBXFileReference; fileEncoding = 4; lastKnownFileType = sourcecode.c.h; path = TRVSURLSessionOperation.h; sourceTree = "<group>"; };
		A47F66A21BED146F00F6BBFF /* TRVSURLSessionOperation.m */ = {isa = PBXFileReference; fileEncoding = 4; lastKnownFileType = sourcecode.c.objc; path = TRVSURLSessionOperation.m; sourceTree = "<group>"; };
		A47F66A41BED159300F6BBFF /* BaseModel.h */ = {isa = PBXFileReference; fileEncoding = 4; lastKnownFileType = sourcecode.c.h; name = BaseModel.h; path = Classes/Models/BaseModel.h; sourceTree = "<group>"; };
		A47F66A51BED159300F6BBFF /* BaseModel.m */ = {isa = PBXFileReference; fileEncoding = 4; lastKnownFileType = sourcecode.c.objc; name = BaseModel.m; path = Classes/Models/BaseModel.m; sourceTree = "<group>"; };
		A47F66A71BED393500F6BBFF /* IntegrationCollection.h */ = {isa = PBXFileReference; fileEncoding = 4; lastKnownFileType = sourcecode.c.h; name = IntegrationCollection.h; path = Classes/Models/IntegrationCollection.h; sourceTree = "<group>"; };
		A47F66A81BED393500F6BBFF /* IntegrationCollection.m */ = {isa = PBXFileReference; fileEncoding = 4; lastKnownFileType = sourcecode.c.objc; name = IntegrationCollection.m; path = Classes/Models/IntegrationCollection.m; sourceTree = "<group>"; };
		A47F66AA1BED394E00F6BBFF /* Integration.h */ = {isa = PBXFileReference; fileEncoding = 4; lastKnownFileType = sourcecode.c.h; name = Integration.h; path = Classes/Models/Integration.h; sourceTree = "<group>"; };
		A47F66AB1BED394E00F6BBFF /* Integration.m */ = {isa = PBXFileReference; fileEncoding = 4; lastKnownFileType = sourcecode.c.objc; name = Integration.m; path = Classes/Models/Integration.m; sourceTree = "<group>"; };
		A47F66AD1BED44C800F6BBFF /* ServerDataManager.h */ = {isa = PBXFileReference; fileEncoding = 4; lastKnownFileType = sourcecode.c.h; name = ServerDataManager.h; path = Classes/DataManagers/ServerDataManager.h; sourceTree = "<group>"; };
		A47F66AE1BED44C800F6BBFF /* ServerDataManager.m */ = {isa = PBXFileReference; fileEncoding = 4; lastKnownFileType = sourcecode.c.objc; name = ServerDataManager.m; path = Classes/DataManagers/ServerDataManager.m; sourceTree = "<group>"; };
		A47F66B11BED4F3B00F6BBFF /* UserDefaultsManager.h */ = {isa = PBXFileReference; fileEncoding = 4; lastKnownFileType = sourcecode.c.h; name = UserDefaultsManager.h; path = Classes/Managers/UserDefaultsManager.h; sourceTree = "<group>"; };
		A47F66B21BED4F3B00F6BBFF /* UserDefaultsManager.m */ = {isa = PBXFileReference; fileEncoding = 4; lastKnownFileType = sourcecode.c.objc; name = UserDefaultsManager.m; path = Classes/Managers/UserDefaultsManager.m; sourceTree = "<group>"; };
		A47F66B41BED61ED00F6BBFF /* Assets.xcassets */ = {isa = PBXFileReference; lastKnownFileType = folder.assetcatalog; path = Assets.xcassets; sourceTree = "<group>"; };
		A47F66B61BED669800F6BBFF /* Server.h */ = {isa = PBXFileReference; fileEncoding = 4; lastKnownFileType = sourcecode.c.h; name = Server.h; path = Classes/Models/Server.h; sourceTree = "<group>"; };
		A47F66B71BED669800F6BBFF /* Server.m */ = {isa = PBXFileReference; fileEncoding = 4; lastKnownFileType = sourcecode.c.objc; name = Server.m; path = Classes/Models/Server.m; sourceTree = "<group>"; };
		A4B9C6461BEC8CB0004E7E6C /* AFHTTPSessionManager.h */ = {isa = PBXFileReference; fileEncoding = 4; lastKnownFileType = sourcecode.c.h; path = AFHTTPSessionManager.h; sourceTree = "<group>"; };
		A4B9C6471BEC8CB0004E7E6C /* AFHTTPSessionManager.m */ = {isa = PBXFileReference; fileEncoding = 4; lastKnownFileType = sourcecode.c.objc; path = AFHTTPSessionManager.m; sourceTree = "<group>"; };
		A4B9C6481BEC8CB0004E7E6C /* AFNetworking.h */ = {isa = PBXFileReference; fileEncoding = 4; lastKnownFileType = sourcecode.c.h; path = AFNetworking.h; sourceTree = "<group>"; };
		A4B9C6491BEC8CB0004E7E6C /* AFNetworkReachabilityManager.h */ = {isa = PBXFileReference; fileEncoding = 4; lastKnownFileType = sourcecode.c.h; path = AFNetworkReachabilityManager.h; sourceTree = "<group>"; };
		A4B9C64A1BEC8CB0004E7E6C /* AFNetworkReachabilityManager.m */ = {isa = PBXFileReference; fileEncoding = 4; lastKnownFileType = sourcecode.c.objc; path = AFNetworkReachabilityManager.m; sourceTree = "<group>"; };
		A4B9C64B1BEC8CB0004E7E6C /* AFSecurityPolicy.h */ = {isa = PBXFileReference; fileEncoding = 4; lastKnownFileType = sourcecode.c.h; path = AFSecurityPolicy.h; sourceTree = "<group>"; };
		A4B9C64C1BEC8CB0004E7E6C /* AFSecurityPolicy.m */ = {isa = PBXFileReference; fileEncoding = 4; lastKnownFileType = sourcecode.c.objc; path = AFSecurityPolicy.m; sourceTree = "<group>"; };
		A4B9C64D1BEC8CB0004E7E6C /* AFURLRequestSerialization.h */ = {isa = PBXFileReference; fileEncoding = 4; lastKnownFileType = sourcecode.c.h; path = AFURLRequestSerialization.h; sourceTree = "<group>"; };
		A4B9C64E1BEC8CB0004E7E6C /* AFURLRequestSerialization.m */ = {isa = PBXFileReference; fileEncoding = 4; lastKnownFileType = sourcecode.c.objc; path = AFURLRequestSerialization.m; sourceTree = "<group>"; };
		A4B9C64F1BEC8CB0004E7E6C /* AFURLResponseSerialization.h */ = {isa = PBXFileReference; fileEncoding = 4; lastKnownFileType = sourcecode.c.h; path = AFURLResponseSerialization.h; sourceTree = "<group>"; };
		A4B9C6501BEC8CB0004E7E6C /* AFURLResponseSerialization.m */ = {isa = PBXFileReference; fileEncoding = 4; lastKnownFileType = sourcecode.c.objc; path = AFURLResponseSerialization.m; sourceTree = "<group>"; };
		A4B9C6511BEC8CB0004E7E6C /* AFURLSessionManager.h */ = {isa = PBXFileReference; fileEncoding = 4; lastKnownFileType = sourcecode.c.h; path = AFURLSessionManager.h; sourceTree = "<group>"; };
		A4B9C6521BEC8CB0004E7E6C /* AFURLSessionManager.m */ = {isa = PBXFileReference; fileEncoding = 4; lastKnownFileType = sourcecode.c.objc; path = AFURLSessionManager.m; sourceTree = "<group>"; };
		A4B9C65C1BEC8D5F004E7E6C /* BotDataManager.h */ = {isa = PBXFileReference; fileEncoding = 4; lastKnownFileType = sourcecode.c.h; name = BotDataManager.h; path = Classes/DataManagers/BotDataManager.h; sourceTree = "<group>"; };
		A4B9C65D1BEC8D5F004E7E6C /* BotDataManager.m */ = {isa = PBXFileReference; fileEncoding = 4; lastKnownFileType = sourcecode.c.objc; name = BotDataManager.m; path = Classes/DataManagers/BotDataManager.m; sourceTree = "<group>"; };
		A4B9C6631BEC9244004E7E6C /* XcodeServerSessionManager.h */ = {isa = PBXFileReference; fileEncoding = 4; lastKnownFileType = sourcecode.c.h; name = XcodeServerSessionManager.h; path = Classes/Networking/XcodeServerSessionManager.h; sourceTree = "<group>"; };
		A4B9C6641BEC9244004E7E6C /* XcodeServerSessionManager.m */ = {isa = PBXFileReference; fileEncoding = 4; lastKnownFileType = sourcecode.c.objc; name = XcodeServerSessionManager.m; path = Classes/Networking/XcodeServerSessionManager.m; sourceTree = "<group>"; };
		A4B9C6671BEC94BE004E7E6C /* XcodeServiceURLs.h */ = {isa = PBXFileReference; fileEncoding = 4; lastKnownFileType = sourcecode.c.h; name = XcodeServiceURLs.h; path = Classes/Utilities/XcodeServiceURLs.h; sourceTree = "<group>"; };
		A4B9C6681BEC94BE004E7E6C /* XcodeServiceURLs.m */ = {isa = PBXFileReference; fileEncoding = 4; lastKnownFileType = sourcecode.c.objc; name = XcodeServiceURLs.m; path = Classes/Utilities/XcodeServiceURLs.m; sourceTree = "<group>"; };
		A4B9D6C61BEC889D000F1EEA /* FirstViewController.h */ = {isa = PBXFileReference; fileEncoding = 4; lastKnownFileType = sourcecode.c.h; path = FirstViewController.h; sourceTree = "<group>"; };
		A4B9D6C71BEC889D000F1EEA /* FirstViewController.m */ = {isa = PBXFileReference; fileEncoding = 4; lastKnownFileType = sourcecode.c.objc; path = FirstViewController.m; sourceTree = "<group>"; };
		A4B9D6C81BEC889D000F1EEA /* SecondViewController.h */ = {isa = PBXFileReference; fileEncoding = 4; lastKnownFileType = sourcecode.c.h; path = SecondViewController.h; sourceTree = "<group>"; };
		A4B9D6C91BEC889D000F1EEA /* SecondViewController.m */ = {isa = PBXFileReference; fileEncoding = 4; lastKnownFileType = sourcecode.c.objc; path = SecondViewController.m; sourceTree = "<group>"; };
		A4B9D6CA1BEC889D000F1EEA /* AppDelegate.h */ = {isa = PBXFileReference; fileEncoding = 4; lastKnownFileType = sourcecode.c.h; name = AppDelegate.h; path = Classes/AppDelegate.h; sourceTree = "<group>"; };
		A4B9D6CB1BEC889D000F1EEA /* AppDelegate.m */ = {isa = PBXFileReference; fileEncoding = 4; lastKnownFileType = sourcecode.c.objc; name = AppDelegate.m; path = Classes/AppDelegate.m; sourceTree = "<group>"; };
		A4B9D6FB1BEC889D000F1EEA /* JSONModel.h */ = {isa = PBXFileReference; fileEncoding = 4; lastKnownFileType = sourcecode.c.h; path = JSONModel.h; sourceTree = "<group>"; };
		A4B9D6FC1BEC889D000F1EEA /* JSONModel.m */ = {isa = PBXFileReference; fileEncoding = 4; lastKnownFileType = sourcecode.c.objc; path = JSONModel.m; sourceTree = "<group>"; };
		A4B9D6FD1BEC889D000F1EEA /* JSONModelArray.h */ = {isa = PBXFileReference; fileEncoding = 4; lastKnownFileType = sourcecode.c.h; path = JSONModelArray.h; sourceTree = "<group>"; };
		A4B9D6FE1BEC889D000F1EEA /* JSONModelArray.m */ = {isa = PBXFileReference; fileEncoding = 4; lastKnownFileType = sourcecode.c.objc; path = JSONModelArray.m; sourceTree = "<group>"; };
		A4B9D6FF1BEC889D000F1EEA /* JSONModelClassProperty.h */ = {isa = PBXFileReference; fileEncoding = 4; lastKnownFileType = sourcecode.c.h; path = JSONModelClassProperty.h; sourceTree = "<group>"; };
		A4B9D7001BEC889D000F1EEA /* JSONModelClassProperty.m */ = {isa = PBXFileReference; fileEncoding = 4; lastKnownFileType = sourcecode.c.objc; path = JSONModelClassProperty.m; sourceTree = "<group>"; };
		A4B9D7011BEC889D000F1EEA /* JSONModelError.h */ = {isa = PBXFileReference; fileEncoding = 4; lastKnownFileType = sourcecode.c.h; path = JSONModelError.h; sourceTree = "<group>"; };
		A4B9D7021BEC889D000F1EEA /* JSONModelError.m */ = {isa = PBXFileReference; fileEncoding = 4; lastKnownFileType = sourcecode.c.objc; path = JSONModelError.m; sourceTree = "<group>"; };
		A4B9D7041BEC889D000F1EEA /* NSArray+JSONModel.h */ = {isa = PBXFileReference; fileEncoding = 4; lastKnownFileType = sourcecode.c.h; path = "NSArray+JSONModel.h"; sourceTree = "<group>"; };
		A4B9D7051BEC889D000F1EEA /* NSArray+JSONModel.m */ = {isa = PBXFileReference; fileEncoding = 4; lastKnownFileType = sourcecode.c.objc; path = "NSArray+JSONModel.m"; sourceTree = "<group>"; };
		A4B9D7061BEC889D000F1EEA /* JSONModelLib.h */ = {isa = PBXFileReference; fileEncoding = 4; lastKnownFileType = sourcecode.c.h; path = JSONModelLib.h; sourceTree = "<group>"; };
		A4B9D7081BEC889D000F1EEA /* JSONKeyMapper.h */ = {isa = PBXFileReference; fileEncoding = 4; lastKnownFileType = sourcecode.c.h; path = JSONKeyMapper.h; sourceTree = "<group>"; };
		A4B9D7091BEC889D000F1EEA /* JSONKeyMapper.m */ = {isa = PBXFileReference; fileEncoding = 4; lastKnownFileType = sourcecode.c.objc; path = JSONKeyMapper.m; sourceTree = "<group>"; };
		A4B9D70A1BEC889D000F1EEA /* JSONValueTransformer.h */ = {isa = PBXFileReference; fileEncoding = 4; lastKnownFileType = sourcecode.c.h; path = JSONValueTransformer.h; sourceTree = "<group>"; };
		A4B9D70B1BEC889D000F1EEA /* JSONValueTransformer.m */ = {isa = PBXFileReference; fileEncoding = 4; lastKnownFileType = sourcecode.c.objc; path = JSONValueTransformer.m; sourceTree = "<group>"; };
		A4F652981BEC5D35008F0B14 /* XcodeTV.app */ = {isa = PBXFileReference; explicitFileType = wrapper.application; includeInIndex = 0; path = XcodeTV.app; sourceTree = BUILT_PRODUCTS_DIR; };
		A4F6529C1BEC5D35008F0B14 /* main.m */ = {isa = PBXFileReference; lastKnownFileType = sourcecode.c.objc; path = main.m; sourceTree = "<group>"; };
		A4F652A81BEC5D35008F0B14 /* Base */ = {isa = PBXFileReference; lastKnownFileType = file.storyboard; name = Base; path = Base.lproj/Main.storyboard; sourceTree = "<group>"; };
		A4F652AC1BEC5D35008F0B14 /* Info.plist */ = {isa = PBXFileReference; lastKnownFileType = text.plist.xml; path = Info.plist; sourceTree = "<group>"; };
		A4F652B11BEC5D35008F0B14 /* XcodeTVTests.xctest */ = {isa = PBXFileReference; explicitFileType = wrapper.cfbundle; includeInIndex = 0; path = XcodeTVTests.xctest; sourceTree = BUILT_PRODUCTS_DIR; };
		A4F652B51BEC5D35008F0B14 /* XcodeTVTests.m */ = {isa = PBXFileReference; lastKnownFileType = sourcecode.c.objc; path = XcodeTVTests.m; sourceTree = "<group>"; };
		A4F652B71BEC5D35008F0B14 /* Info.plist */ = {isa = PBXFileReference; lastKnownFileType = text.plist.xml; path = Info.plist; sourceTree = "<group>"; };
		A4F652BC1BEC5D35008F0B14 /* XcodeTVUITests.xctest */ = {isa = PBXFileReference; explicitFileType = wrapper.cfbundle; includeInIndex = 0; path = XcodeTVUITests.xctest; sourceTree = BUILT_PRODUCTS_DIR; };
		A4F652C01BEC5D35008F0B14 /* XcodeTVUITests.m */ = {isa = PBXFileReference; lastKnownFileType = sourcecode.c.objc; path = XcodeTVUITests.m; sourceTree = "<group>"; };
		A4F652C21BEC5D35008F0B14 /* Info.plist */ = {isa = PBXFileReference; lastKnownFileType = text.plist.xml; path = Info.plist; sourceTree = "<group>"; };
		A4F7A84E1BEDADBA00D30E87 /* ServerVersions.h */ = {isa = PBXFileReference; fileEncoding = 4; lastKnownFileType = sourcecode.c.h; name = ServerVersions.h; path = Classes/Models/ServerVersions.h; sourceTree = "<group>"; };
		A4F7A84F1BEDADBA00D30E87 /* ServerVersions.m */ = {isa = PBXFileReference; fileEncoding = 4; lastKnownFileType = sourcecode.c.objc; name = ServerVersions.m; path = Classes/Models/ServerVersions.m; sourceTree = "<group>"; };
		A4F7A8531BEDC60600D30E87 /* IntegrationCollectionViewCell.h */ = {isa = PBXFileReference; fileEncoding = 4; lastKnownFileType = sourcecode.c.h; name = IntegrationCollectionViewCell.h; path = Classes/Views/CollectionViewCells/IntegrationCollectionViewCell.h; sourceTree = "<group>"; };
		A4F7A8541BEDC60600D30E87 /* IntegrationCollectionViewCell.m */ = {isa = PBXFileReference; fileEncoding = 4; lastKnownFileType = sourcecode.c.objc; name = IntegrationCollectionViewCell.m; path = Classes/Views/CollectionViewCells/IntegrationCollectionViewCell.m; sourceTree = "<group>"; };
		A4F7A8561BEDDA4600D30E87 /* GradientMaskView.h */ = {isa = PBXFileReference; fileEncoding = 4; lastKnownFileType = sourcecode.c.h; name = GradientMaskView.h; path = Classes/Views/GradientMaskView.h; sourceTree = "<group>"; };
		A4F7A8571BEDDA4600D30E87 /* GradientMaskView.m */ = {isa = PBXFileReference; fileEncoding = 4; lastKnownFileType = sourcecode.c.objc; name = GradientMaskView.m; path = Classes/Views/GradientMaskView.m; sourceTree = "<group>"; };
		A4F7A8591BEDDAEA00D30E87 /* MaskPosition.h */ = {isa = PBXFileReference; fileEncoding = 4; lastKnownFileType = sourcecode.c.h; name = MaskPosition.h; path = Classes/Models/MaskPosition.h; sourceTree = "<group>"; };
		A4F7A85A1BEDDAEA00D30E87 /* MaskPosition.m */ = {isa = PBXFileReference; fileEncoding = 4; lastKnownFileType = sourcecode.c.objc; name = MaskPosition.m; path = Classes/Models/MaskPosition.m; sourceTree = "<group>"; };
		A4F7A85D1BEDE14800D30E87 /* NSDate+RelativeDateString.h */ = {isa = PBXFileReference; fileEncoding = 4; lastKnownFileType = sourcecode.c.h; path = "NSDate+RelativeDateString.h"; sourceTree = "<group>"; };
		A4F7A85E1BEDE14800D30E87 /* NSDate+RelativeDateString.m */ = {isa = PBXFileReference; fileEncoding = 4; lastKnownFileType = sourcecode.c.objc; path = "NSDate+RelativeDateString.m"; sourceTree = "<group>"; };
		A4F7A8611BEDE27700D30E87 /* Localizable.strings */ = {isa = PBXFileReference; fileEncoding = 4; lastKnownFileType = text.plist.strings; path = Localizable.strings; sourceTree = "<group>"; };
		A4F7A8621BEDE27700D30E87 /* Localizable.stringsdict */ = {isa = PBXFileReference; fileEncoding = 4; lastKnownFileType = text.plist.stringsdict; path = Localizable.stringsdict; sourceTree = "<group>"; };
		A4F7A8661BEDE5D200D30E87 /* ISO8601DateFormatter.h */ = {isa = PBXFileReference; fileEncoding = 4; lastKnownFileType = sourcecode.c.h; path = ISO8601DateFormatter.h; sourceTree = "<group>"; };
		A4F7A8671BEDE5D200D30E87 /* ISO8601DateFormatter.m */ = {isa = PBXFileReference; fileEncoding = 4; lastKnownFileType = sourcecode.c.objc; path = ISO8601DateFormatter.m; sourceTree = "<group>"; };
/* End PBXFileReference section */

/* Begin PBXFrameworksBuildPhase section */
		A4F652951BEC5D35008F0B14 /* Frameworks */ = {
			isa = PBXFrameworksBuildPhase;
			buildActionMask = 2147483647;
			files = (
			);
			runOnlyForDeploymentPostprocessing = 0;
		};
		A4F652AE1BEC5D35008F0B14 /* Frameworks */ = {
			isa = PBXFrameworksBuildPhase;
			buildActionMask = 2147483647;
			files = (
			);
			runOnlyForDeploymentPostprocessing = 0;
		};
		A4F652B91BEC5D35008F0B14 /* Frameworks */ = {
			isa = PBXFrameworksBuildPhase;
			buildActionMask = 2147483647;
			files = (
			);
			runOnlyForDeploymentPostprocessing = 0;
		};
/* End PBXFrameworksBuildPhase section */

/* Begin PBXGroup section */
		A47F66A01BED146F00F6BBFF /* TRVSURLSessionOperation */ = {
			isa = PBXGroup;
			children = (
				A47F66A11BED146F00F6BBFF /* TRVSURLSessionOperation.h */,
				A47F66A21BED146F00F6BBFF /* TRVSURLSessionOperation.m */,
			);
			path = TRVSURLSessionOperation;
			sourceTree = "<group>";
		};
		A47F66B01BED4EF600F6BBFF /* Managers */ = {
			isa = PBXGroup;
			children = (
				A47F66B11BED4F3B00F6BBFF /* UserDefaultsManager.h */,
				A47F66B21BED4F3B00F6BBFF /* UserDefaultsManager.m */,
			);
			name = Managers;
			sourceTree = "<group>";
		};
		A4B9C6451BEC8CB0004E7E6C /* AFNetworking */ = {
			isa = PBXGroup;
			children = (
				A4B9C6461BEC8CB0004E7E6C /* AFHTTPSessionManager.h */,
				A4B9C6471BEC8CB0004E7E6C /* AFHTTPSessionManager.m */,
				A4B9C6481BEC8CB0004E7E6C /* AFNetworking.h */,
				A4B9C6491BEC8CB0004E7E6C /* AFNetworkReachabilityManager.h */,
				A4B9C64A1BEC8CB0004E7E6C /* AFNetworkReachabilityManager.m */,
				A4B9C64B1BEC8CB0004E7E6C /* AFSecurityPolicy.h */,
				A4B9C64C1BEC8CB0004E7E6C /* AFSecurityPolicy.m */,
				A4B9C64D1BEC8CB0004E7E6C /* AFURLRequestSerialization.h */,
				A4B9C64E1BEC8CB0004E7E6C /* AFURLRequestSerialization.m */,
				A4B9C64F1BEC8CB0004E7E6C /* AFURLResponseSerialization.h */,
				A4B9C6501BEC8CB0004E7E6C /* AFURLResponseSerialization.m */,
				A4B9C6511BEC8CB0004E7E6C /* AFURLSessionManager.h */,
				A4B9C6521BEC8CB0004E7E6C /* AFURLSessionManager.m */,
			);
			path = AFNetworking;
			sourceTree = "<group>";
		};
		A4B9C6591BEC8D17004E7E6C /* DataManagers */ = {
			isa = PBXGroup;
			children = (
				A4B9C65C1BEC8D5F004E7E6C /* BotDataManager.h */,
				A4B9C65D1BEC8D5F004E7E6C /* BotDataManager.m */,
				A47F66AD1BED44C800F6BBFF /* ServerDataManager.h */,
				A47F66AE1BED44C800F6BBFF /* ServerDataManager.m */,
			);
			name = DataManagers;
			sourceTree = "<group>";
		};
		A4B9C65A1BEC8D21004E7E6C /* Networking */ = {
			isa = PBXGroup;
			children = (
				A4B9C6631BEC9244004E7E6C /* XcodeServerSessionManager.h */,
				A4B9C6641BEC9244004E7E6C /* XcodeServerSessionManager.m */,
			);
			name = Networking;
			sourceTree = "<group>";
		};
		A4B9C65B1BEC8D29004E7E6C /* Models */ = {
			isa = PBXGroup;
			children = (
				A47F66A41BED159300F6BBFF /* BaseModel.h */,
				A47F66A51BED159300F6BBFF /* BaseModel.m */,
				A47F66B61BED669800F6BBFF /* Server.h */,
				A47F66B71BED669800F6BBFF /* Server.m */,
				A4F7A84E1BEDADBA00D30E87 /* ServerVersions.h */,
				A4F7A84F1BEDADBA00D30E87 /* ServerVersions.m */,
				A47F66981BECA60A00F6BBFF /* BotCollection.h */,
				A47F66991BECA60A00F6BBFF /* BotCollection.m */,
				A47F669B1BECA68A00F6BBFF /* Bot.h */,
				A47F669C1BECA68A00F6BBFF /* Bot.m */,
				A47F66A71BED393500F6BBFF /* IntegrationCollection.h */,
				A47F66A81BED393500F6BBFF /* IntegrationCollection.m */,
				A47F66AA1BED394E00F6BBFF /* Integration.h */,
				A47F66AB1BED394E00F6BBFF /* Integration.m */,
				A4F7A8591BEDDAEA00D30E87 /* MaskPosition.h */,
				A4F7A85A1BEDDAEA00D30E87 /* MaskPosition.m */,
			);
			name = Models;
			sourceTree = "<group>";
		};
		A4B9C6661BEC949D004E7E6C /* Utilities */ = {
			isa = PBXGroup;
			children = (
				A4B9C6671BEC94BE004E7E6C /* XcodeServiceURLs.h */,
				A4B9C6681BEC94BE004E7E6C /* XcodeServiceURLs.m */,
			);
			name = Utilities;
			sourceTree = "<group>";
		};
		A4B9D6C41BEC888C000F1EEA /* Classes */ = {
			isa = PBXGroup;
			children = (
				A4B9D6CA1BEC889D000F1EEA /* AppDelegate.h */,
				A4B9D6CB1BEC889D000F1EEA /* AppDelegate.m */,
				A4F7A85C1BEDE14800D30E87 /* Categories */,
				A4B9C6661BEC949D004E7E6C /* Utilities */,
				A4B9C65B1BEC8D29004E7E6C /* Models */,
				A4B9C65A1BEC8D21004E7E6C /* Networking */,
				A47F66B01BED4EF600F6BBFF /* Managers */,
				A4B9C6591BEC8D17004E7E6C /* DataManagers */,
				A4B9D6CC1BEC889D000F1EEA /* ThirdParty */,
				A4F7A8511BEDC5C200D30E87 /* Views */,
				A4B9D6C51BEC889D000F1EEA /* ViewControllers */,
			);
			name = Classes;
			sourceTree = "<group>";
		};
		A4B9D6C51BEC889D000F1EEA /* ViewControllers */ = {
			isa = PBXGroup;
			children = (
				A4B9D6C61BEC889D000F1EEA /* FirstViewController.h */,
				A4B9D6C71BEC889D000F1EEA /* FirstViewController.m */,
				A4B9D6C81BEC889D000F1EEA /* SecondViewController.h */,
				A4B9D6C91BEC889D000F1EEA /* SecondViewController.m */,
			);
			name = ViewControllers;
			path = Classes/ViewControllers;
			sourceTree = "<group>";
		};
		A4B9D6CC1BEC889D000F1EEA /* ThirdParty */ = {
			isa = PBXGroup;
			children = (
				A4F7A8651BEDE5D200D30E87 /* ISO8601DateFormatter */,
				A47F66A01BED146F00F6BBFF /* TRVSURLSessionOperation */,
				A4B9C6451BEC8CB0004E7E6C /* AFNetworking */,
				A4B9D6F91BEC889D000F1EEA /* JSONModel */,
			);
			name = ThirdParty;
			path = Classes/ThirdParty;
			sourceTree = "<group>";
		};
		A4B9D6F91BEC889D000F1EEA /* JSONModel */ = {
			isa = PBXGroup;
			children = (
				A4B9D6FA1BEC889D000F1EEA /* JSONModel */,
				A4B9D7031BEC889D000F1EEA /* JSONModelCategories */,
				A4B9D7061BEC889D000F1EEA /* JSONModelLib.h */,
				A4B9D7071BEC889D000F1EEA /* JSONModelTransformations */,
			);
			path = JSONModel;
			sourceTree = "<group>";
		};
		A4B9D6FA1BEC889D000F1EEA /* JSONModel */ = {
			isa = PBXGroup;
			children = (
				A4B9D6FB1BEC889D000F1EEA /* JSONModel.h */,
				A4B9D6FC1BEC889D000F1EEA /* JSONModel.m */,
				A4B9D6FD1BEC889D000F1EEA /* JSONModelArray.h */,
				A4B9D6FE1BEC889D000F1EEA /* JSONModelArray.m */,
				A4B9D6FF1BEC889D000F1EEA /* JSONModelClassProperty.h */,
				A4B9D7001BEC889D000F1EEA /* JSONModelClassProperty.m */,
				A4B9D7011BEC889D000F1EEA /* JSONModelError.h */,
				A4B9D7021BEC889D000F1EEA /* JSONModelError.m */,
			);
			path = JSONModel;
			sourceTree = "<group>";
		};
		A4B9D7031BEC889D000F1EEA /* JSONModelCategories */ = {
			isa = PBXGroup;
			children = (
				A4B9D7041BEC889D000F1EEA /* NSArray+JSONModel.h */,
				A4B9D7051BEC889D000F1EEA /* NSArray+JSONModel.m */,
			);
			path = JSONModelCategories;
			sourceTree = "<group>";
		};
		A4B9D7071BEC889D000F1EEA /* JSONModelTransformations */ = {
			isa = PBXGroup;
			children = (
				A4B9D7081BEC889D000F1EEA /* JSONKeyMapper.h */,
				A4B9D7091BEC889D000F1EEA /* JSONKeyMapper.m */,
				A4B9D70A1BEC889D000F1EEA /* JSONValueTransformer.h */,
				A4B9D70B1BEC889D000F1EEA /* JSONValueTransformer.m */,
			);
			path = JSONModelTransformations;
			sourceTree = "<group>";
		};
		A4B9D7291BEC88AB000F1EEA /* Resources */ = {
			isa = PBXGroup;
			children = (
				A4F7A8601BEDE27700D30E87 /* Strings */,
				A47F66B41BED61ED00F6BBFF /* Assets.xcassets */,
				A4F652A71BEC5D35008F0B14 /* Main.storyboard */,
			);
			name = Resources;
			sourceTree = "<group>";
		};
		A4F6528F1BEC5D35008F0B14 = {
			isa = PBXGroup;
			children = (
				A4F6529A1BEC5D35008F0B14 /* XcodeTV */,
				A4F652B41BEC5D35008F0B14 /* XcodeTVTests */,
				A4F652BF1BEC5D35008F0B14 /* XcodeTVUITests */,
				A4F652991BEC5D35008F0B14 /* Products */,
			);
			sourceTree = "<group>";
		};
		A4F652991BEC5D35008F0B14 /* Products */ = {
			isa = PBXGroup;
			children = (
				A4F652981BEC5D35008F0B14 /* XcodeTV.app */,
				A4F652B11BEC5D35008F0B14 /* XcodeTVTests.xctest */,
				A4F652BC1BEC5D35008F0B14 /* XcodeTVUITests.xctest */,
			);
			name = Products;
			sourceTree = "<group>";
		};
		A4F6529A1BEC5D35008F0B14 /* XcodeTV */ = {
			isa = PBXGroup;
			children = (
				A4B9D6C41BEC888C000F1EEA /* Classes */,
				A4B9D7291BEC88AB000F1EEA /* Resources */,
				A4F6529B1BEC5D35008F0B14 /* Supporting Files */,
			);
			path = XcodeTV;
			sourceTree = "<group>";
		};
		A4F6529B1BEC5D35008F0B14 /* Supporting Files */ = {
			isa = PBXGroup;
			children = (
				A4F652AC1BEC5D35008F0B14 /* Info.plist */,
				A4F6529C1BEC5D35008F0B14 /* main.m */,
			);
			name = "Supporting Files";
			sourceTree = "<group>";
		};
		A4F652B41BEC5D35008F0B14 /* XcodeTVTests */ = {
			isa = PBXGroup;
			children = (
				A4F652B51BEC5D35008F0B14 /* XcodeTVTests.m */,
				A4F652B71BEC5D35008F0B14 /* Info.plist */,
			);
			path = XcodeTVTests;
			sourceTree = "<group>";
		};
		A4F652BF1BEC5D35008F0B14 /* XcodeTVUITests */ = {
			isa = PBXGroup;
			children = (
				A4F652C01BEC5D35008F0B14 /* XcodeTVUITests.m */,
				A4F652C21BEC5D35008F0B14 /* Info.plist */,
			);
			path = XcodeTVUITests;
			sourceTree = "<group>";
		};
		A4F7A8511BEDC5C200D30E87 /* Views */ = {
			isa = PBXGroup;
			children = (
				A4F7A8521BEDC5C900D30E87 /* CollectionViewCells */,
				A4F7A8561BEDDA4600D30E87 /* GradientMaskView.h */,
				A4F7A8571BEDDA4600D30E87 /* GradientMaskView.m */,
			);
			name = Views;
			sourceTree = "<group>";
		};
		A4F7A8521BEDC5C900D30E87 /* CollectionViewCells */ = {
			isa = PBXGroup;
			children = (
				A4F7A8531BEDC60600D30E87 /* IntegrationCollectionViewCell.h */,
				A4F7A8541BEDC60600D30E87 /* IntegrationCollectionViewCell.m */,
			);
			name = CollectionViewCells;
			sourceTree = "<group>";
		};
		A4F7A85C1BEDE14800D30E87 /* Categories */ = {
			isa = PBXGroup;
			children = (
				A4734C571BEDE5FC0059F541 /* NSDate+StringFormatting.h */,
				A4734C581BEDE5FC0059F541 /* NSDate+StringFormatting.m */,
				A4F7A85D1BEDE14800D30E87 /* NSDate+RelativeDateString.h */,
				A4F7A85E1BEDE14800D30E87 /* NSDate+RelativeDateString.m */,
			);
			name = Categories;
			path = Classes/Categories;
			sourceTree = "<group>";
		};
		A4F7A8601BEDE27700D30E87 /* Strings */ = {
			isa = PBXGroup;
			children = (
				A4F7A8611BEDE27700D30E87 /* Localizable.strings */,
				A4F7A8621BEDE27700D30E87 /* Localizable.stringsdict */,
			);
			name = Strings;
			path = Base.lproj/Strings;
			sourceTree = "<group>";
		};
		A4F7A8651BEDE5D200D30E87 /* ISO8601DateFormatter */ = {
			isa = PBXGroup;
			children = (
				A4F7A8661BEDE5D200D30E87 /* ISO8601DateFormatter.h */,
				A4F7A8671BEDE5D200D30E87 /* ISO8601DateFormatter.m */,
			);
			path = ISO8601DateFormatter;
			sourceTree = "<group>";
		};
/* End PBXGroup section */

/* Begin PBXNativeTarget section */
		A4F652971BEC5D35008F0B14 /* XcodeTV */ = {
			isa = PBXNativeTarget;
			buildConfigurationList = A4F652C51BEC5D35008F0B14 /* Build configuration list for PBXNativeTarget "XcodeTV" */;
			buildPhases = (
				A4F652941BEC5D35008F0B14 /* Sources */,
				A4F652951BEC5D35008F0B14 /* Frameworks */,
				A4F652961BEC5D35008F0B14 /* Resources */,
			);
			buildRules = (
			);
			dependencies = (
			);
			name = XcodeTV;
			productName = XcodeTV;
			productReference = A4F652981BEC5D35008F0B14 /* XcodeTV.app */;
			productType = "com.apple.product-type.application";
		};
		A4F652B01BEC5D35008F0B14 /* XcodeTVTests */ = {
			isa = PBXNativeTarget;
			buildConfigurationList = A4F652C81BEC5D35008F0B14 /* Build configuration list for PBXNativeTarget "XcodeTVTests" */;
			buildPhases = (
				A4F652AD1BEC5D35008F0B14 /* Sources */,
				A4F652AE1BEC5D35008F0B14 /* Frameworks */,
				A4F652AF1BEC5D35008F0B14 /* Resources */,
			);
			buildRules = (
			);
			dependencies = (
				A4F652B31BEC5D35008F0B14 /* PBXTargetDependency */,
			);
			name = XcodeTVTests;
			productName = XcodeTVTests;
			productReference = A4F652B11BEC5D35008F0B14 /* XcodeTVTests.xctest */;
			productType = "com.apple.product-type.bundle.unit-test";
		};
		A4F652BB1BEC5D35008F0B14 /* XcodeTVUITests */ = {
			isa = PBXNativeTarget;
			buildConfigurationList = A4F652CB1BEC5D35008F0B14 /* Build configuration list for PBXNativeTarget "XcodeTVUITests" */;
			buildPhases = (
				A4F652B81BEC5D35008F0B14 /* Sources */,
				A4F652B91BEC5D35008F0B14 /* Frameworks */,
				A4F652BA1BEC5D35008F0B14 /* Resources */,
			);
			buildRules = (
			);
			dependencies = (
				A4F652BE1BEC5D35008F0B14 /* PBXTargetDependency */,
			);
			name = XcodeTVUITests;
			productName = XcodeTVUITests;
			productReference = A4F652BC1BEC5D35008F0B14 /* XcodeTVUITests.xctest */;
			productType = "com.apple.product-type.bundle.ui-testing";
		};
/* End PBXNativeTarget section */

/* Begin PBXProject section */
		A4F652901BEC5D35008F0B14 /* Project object */ = {
			isa = PBXProject;
			attributes = {
				LastUpgradeCheck = 0710;
				ORGANIZATIONNAME = Articulate;
				TargetAttributes = {
					A4F652971BEC5D35008F0B14 = {
						CreatedOnToolsVersion = 7.1;
						DevelopmentTeam = 579FPM96TP;
					};
					A4F652B01BEC5D35008F0B14 = {
						CreatedOnToolsVersion = 7.1;
						TestTargetID = A4F652971BEC5D35008F0B14;
					};
					A4F652BB1BEC5D35008F0B14 = {
						CreatedOnToolsVersion = 7.1;
						TestTargetID = A4F652971BEC5D35008F0B14;
					};
				};
			};
			buildConfigurationList = A4F652931BEC5D35008F0B14 /* Build configuration list for PBXProject "XcodeTV" */;
			compatibilityVersion = "Xcode 3.2";
			developmentRegion = English;
			hasScannedForEncodings = 0;
			knownRegions = (
				en,
				Base,
			);
			mainGroup = A4F6528F1BEC5D35008F0B14;
			productRefGroup = A4F652991BEC5D35008F0B14 /* Products */;
			projectDirPath = "";
			projectRoot = "";
			targets = (
				A4F652971BEC5D35008F0B14 /* XcodeTV */,
				A4F652B01BEC5D35008F0B14 /* XcodeTVTests */,
				A4F652BB1BEC5D35008F0B14 /* XcodeTVUITests */,
			);
		};
/* End PBXProject section */

/* Begin PBXResourcesBuildPhase section */
		A4F652961BEC5D35008F0B14 /* Resources */ = {
			isa = PBXResourcesBuildPhase;
			buildActionMask = 2147483647;
			files = (
				A47F66B51BED61ED00F6BBFF /* Assets.xcassets in Resources */,
				A4F7A8641BEDE27700D30E87 /* Localizable.stringsdict in Resources */,
				A4F7A8631BEDE27700D30E87 /* Localizable.strings in Resources */,
				A4F652A91BEC5D35008F0B14 /* Main.storyboard in Resources */,
			);
			runOnlyForDeploymentPostprocessing = 0;
		};
		A4F652AF1BEC5D35008F0B14 /* Resources */ = {
			isa = PBXResourcesBuildPhase;
			buildActionMask = 2147483647;
			files = (
			);
			runOnlyForDeploymentPostprocessing = 0;
		};
		A4F652BA1BEC5D35008F0B14 /* Resources */ = {
			isa = PBXResourcesBuildPhase;
			buildActionMask = 2147483647;
			files = (
			);
			runOnlyForDeploymentPostprocessing = 0;
		};
/* End PBXResourcesBuildPhase section */

/* Begin PBXSourcesBuildPhase section */
		A4F652941BEC5D35008F0B14 /* Sources */ = {
			isa = PBXSourcesBuildPhase;
			buildActionMask = 2147483647;
			files = (
				A4B9C6581BEC8CB0004E7E6C /* AFURLSessionManager.m in Sources */,
				A47F66A91BED393500F6BBFF /* IntegrationCollection.m in Sources */,
				A4F7A8581BEDDA4600D30E87 /* GradientMaskView.m in Sources */,
				A4B9C6551BEC8CB0004E7E6C /* AFSecurityPolicy.m in Sources */,
				A4B9D70E1BEC889D000F1EEA /* AppDelegate.m in Sources */,
				A47F669A1BECA60A00F6BBFF /* BotCollection.m in Sources */,
				A4B9C6541BEC8CB0004E7E6C /* AFNetworkReachabilityManager.m in Sources */,
				A4F7A8551BEDC60600D30E87 /* IntegrationCollectionViewCell.m in Sources */,
				A47F66B81BED669800F6BBFF /* Server.m in Sources */,
				A4F7A8501BEDADBA00D30E87 /* ServerVersions.m in Sources */,
				A4F7A85B1BEDDAEA00D30E87 /* MaskPosition.m in Sources */,
				A47F66B31BED4F3B00F6BBFF /* UserDefaultsManager.m in Sources */,
				A47F66AC1BED394E00F6BBFF /* Integration.m in Sources */,
				A4B9D70D1BEC889D000F1EEA /* SecondViewController.m in Sources */,
				A4B9D7271BEC889D000F1EEA /* JSONKeyMapper.m in Sources */,
				A47F66A31BED146F00F6BBFF /* TRVSURLSessionOperation.m in Sources */,
				A4B9C6531BEC8CB0004E7E6C /* AFHTTPSessionManager.m in Sources */,
				A47F66A61BED159300F6BBFF /* BaseModel.m in Sources */,
				A4B9D7261BEC889D000F1EEA /* NSArray+JSONModel.m in Sources */,
				A4B9D7221BEC889D000F1EEA /* JSONModel.m in Sources */,
				A4734C591BEDE5FC0059F541 /* NSDate+StringFormatting.m in Sources */,
				A4F6529D1BEC5D35008F0B14 /* main.m in Sources */,
				A4F7A85F1BEDE14800D30E87 /* NSDate+RelativeDateString.m in Sources */,
				A47F669D1BECA68A00F6BBFF /* Bot.m in Sources */,
				A4B9C6651BEC9244004E7E6C /* XcodeServerSessionManager.m in Sources */,
				A4B9D7241BEC889D000F1EEA /* JSONModelClassProperty.m in Sources */,
				A4B9D70C1BEC889D000F1EEA /* FirstViewController.m in Sources */,
				A4B9D7281BEC889D000F1EEA /* JSONValueTransformer.m in Sources */,
				A4B9C6561BEC8CB0004E7E6C /* AFURLRequestSerialization.m in Sources */,
				A47F66AF1BED44C800F6BBFF /* ServerDataManager.m in Sources */,
				A4B9C6691BEC94BE004E7E6C /* XcodeServiceURLs.m in Sources */,
				A4B9D7251BEC889D000F1EEA /* JSONModelError.m in Sources */,
				A4B9C6571BEC8CB0004E7E6C /* AFURLResponseSerialization.m in Sources */,
				A4B9D7231BEC889D000F1EEA /* JSONModelArray.m in Sources */,
				A4B9C65E1BEC8D5F004E7E6C /* BotDataManager.m in Sources */,
				A4F7A8681BEDE5D200D30E87 /* ISO8601DateFormatter.m in Sources */,
			);
			runOnlyForDeploymentPostprocessing = 0;
		};
		A4F652AD1BEC5D35008F0B14 /* Sources */ = {
			isa = PBXSourcesBuildPhase;
			buildActionMask = 2147483647;
			files = (
				A4F652B61BEC5D35008F0B14 /* XcodeTVTests.m in Sources */,
			);
			runOnlyForDeploymentPostprocessing = 0;
		};
		A4F652B81BEC5D35008F0B14 /* Sources */ = {
			isa = PBXSourcesBuildPhase;
			buildActionMask = 2147483647;
			files = (
				A4F652C11BEC5D35008F0B14 /* XcodeTVUITests.m in Sources */,
			);
			runOnlyForDeploymentPostprocessing = 0;
		};
/* End PBXSourcesBuildPhase section */

/* Begin PBXTargetDependency section */
		A4F652B31BEC5D35008F0B14 /* PBXTargetDependency */ = {
			isa = PBXTargetDependency;
			target = A4F652971BEC5D35008F0B14 /* XcodeTV */;
			targetProxy = A4F652B21BEC5D35008F0B14 /* PBXContainerItemProxy */;
		};
		A4F652BE1BEC5D35008F0B14 /* PBXTargetDependency */ = {
			isa = PBXTargetDependency;
			target = A4F652971BEC5D35008F0B14 /* XcodeTV */;
			targetProxy = A4F652BD1BEC5D35008F0B14 /* PBXContainerItemProxy */;
		};
/* End PBXTargetDependency section */

/* Begin PBXVariantGroup section */
		A4F652A71BEC5D35008F0B14 /* Main.storyboard */ = {
			isa = PBXVariantGroup;
			children = (
				A4F652A81BEC5D35008F0B14 /* Base */,
			);
			name = Main.storyboard;
			sourceTree = "<group>";
		};
/* End PBXVariantGroup section */

/* Begin XCBuildConfiguration section */
		A4F652C31BEC5D35008F0B14 /* Debug */ = {
			isa = XCBuildConfiguration;
			buildSettings = {
				ALWAYS_SEARCH_USER_PATHS = NO;
				CLANG_CXX_LANGUAGE_STANDARD = "gnu++0x";
				CLANG_CXX_LIBRARY = "libc++";
				CLANG_ENABLE_MODULES = YES;
				CLANG_ENABLE_OBJC_ARC = YES;
				CLANG_WARN_BOOL_CONVERSION = YES;
				CLANG_WARN_CONSTANT_CONVERSION = YES;
				CLANG_WARN_DIRECT_OBJC_ISA_USAGE = YES_ERROR;
				CLANG_WARN_EMPTY_BODY = YES;
				CLANG_WARN_ENUM_CONVERSION = YES;
				CLANG_WARN_INT_CONVERSION = YES;
				CLANG_WARN_OBJC_ROOT_CLASS = YES_ERROR;
				CLANG_WARN_UNREACHABLE_CODE = YES;
				CLANG_WARN__DUPLICATE_METHOD_MATCH = YES;
				COPY_PHASE_STRIP = NO;
				DEBUG_INFORMATION_FORMAT = dwarf;
				ENABLE_STRICT_OBJC_MSGSEND = YES;
				ENABLE_TESTABILITY = YES;
				GCC_C_LANGUAGE_STANDARD = gnu99;
				GCC_DYNAMIC_NO_PIC = NO;
				GCC_NO_COMMON_BLOCKS = YES;
				GCC_OPTIMIZATION_LEVEL = 0;
				GCC_PREPROCESSOR_DEFINITIONS = (
					"DEBUG=1",
					"$(inherited)",
				);
				GCC_WARN_64_TO_32_BIT_CONVERSION = YES;
				GCC_WARN_ABOUT_RETURN_TYPE = YES_ERROR;
				GCC_WARN_UNDECLARED_SELECTOR = YES;
				GCC_WARN_UNINITIALIZED_AUTOS = YES_AGGRESSIVE;
				GCC_WARN_UNUSED_FUNCTION = YES;
				GCC_WARN_UNUSED_VARIABLE = YES;
				MTL_ENABLE_DEBUG_INFO = YES;
				ONLY_ACTIVE_ARCH = YES;
				SDKROOT = appletvos;
				TARGETED_DEVICE_FAMILY = 3;
				TVOS_DEPLOYMENT_TARGET = 9.0;
			};
			name = Debug;
		};
		A4F652C41BEC5D35008F0B14 /* Release */ = {
			isa = XCBuildConfiguration;
			buildSettings = {
				ALWAYS_SEARCH_USER_PATHS = NO;
				CLANG_CXX_LANGUAGE_STANDARD = "gnu++0x";
				CLANG_CXX_LIBRARY = "libc++";
				CLANG_ENABLE_MODULES = YES;
				CLANG_ENABLE_OBJC_ARC = YES;
				CLANG_WARN_BOOL_CONVERSION = YES;
				CLANG_WARN_CONSTANT_CONVERSION = YES;
				CLANG_WARN_DIRECT_OBJC_ISA_USAGE = YES_ERROR;
				CLANG_WARN_EMPTY_BODY = YES;
				CLANG_WARN_ENUM_CONVERSION = YES;
				CLANG_WARN_INT_CONVERSION = YES;
				CLANG_WARN_OBJC_ROOT_CLASS = YES_ERROR;
				CLANG_WARN_UNREACHABLE_CODE = YES;
				CLANG_WARN__DUPLICATE_METHOD_MATCH = YES;
				COPY_PHASE_STRIP = NO;
				DEBUG_INFORMATION_FORMAT = "dwarf-with-dsym";
				ENABLE_NS_ASSERTIONS = NO;
				ENABLE_STRICT_OBJC_MSGSEND = YES;
				GCC_C_LANGUAGE_STANDARD = gnu99;
				GCC_NO_COMMON_BLOCKS = YES;
				GCC_WARN_64_TO_32_BIT_CONVERSION = YES;
				GCC_WARN_ABOUT_RETURN_TYPE = YES_ERROR;
				GCC_WARN_UNDECLARED_SELECTOR = YES;
				GCC_WARN_UNINITIALIZED_AUTOS = YES_AGGRESSIVE;
				GCC_WARN_UNUSED_FUNCTION = YES;
				GCC_WARN_UNUSED_VARIABLE = YES;
				MTL_ENABLE_DEBUG_INFO = NO;
				SDKROOT = appletvos;
				TARGETED_DEVICE_FAMILY = 3;
				TVOS_DEPLOYMENT_TARGET = 9.0;
				VALIDATE_PRODUCT = YES;
			};
			name = Release;
		};
		A4F652C61BEC5D35008F0B14 /* Debug */ = {
			isa = XCBuildConfiguration;
			buildSettings = {
				ASSETCATALOG_COMPILER_APPICON_NAME = "App Icon & Top Shelf Image";
				ASSETCATALOG_COMPILER_LAUNCHIMAGE_NAME = LaunchImage;
				CODE_SIGN_IDENTITY = "iPhone Developer";
				INFOPLIST_FILE = XcodeTV/Info.plist;
				LD_RUNPATH_SEARCH_PATHS = "$(inherited) @executable_path/Frameworks";
				PRODUCT_BUNDLE_IDENTIFIER = com.articulate.XcodeTV;
				PRODUCT_NAME = "$(TARGET_NAME)";
			};
			name = Debug;
		};
		A4F652C71BEC5D35008F0B14 /* Release */ = {
			isa = XCBuildConfiguration;
			buildSettings = {
				ASSETCATALOG_COMPILER_APPICON_NAME = "App Icon & Top Shelf Image";
				ASSETCATALOG_COMPILER_LAUNCHIMAGE_NAME = LaunchImage;
				CODE_SIGN_IDENTITY = "iPhone Developer";
				INFOPLIST_FILE = XcodeTV/Info.plist;
				LD_RUNPATH_SEARCH_PATHS = "$(inherited) @executable_path/Frameworks";
				PRODUCT_BUNDLE_IDENTIFIER = com.articulate.XcodeTV;
				PRODUCT_NAME = "$(TARGET_NAME)";
			};
			name = Release;
		};
		A4F652C91BEC5D35008F0B14 /* Debug */ = {
			isa = XCBuildConfiguration;
			buildSettings = {
				BUNDLE_LOADER = "$(TEST_HOST)";
				INFOPLIST_FILE = XcodeTVTests/Info.plist;
				LD_RUNPATH_SEARCH_PATHS = "$(inherited) @executable_path/Frameworks @loader_path/Frameworks";
				PRODUCT_BUNDLE_IDENTIFIER = com.articulate.XcodeTVTests;
				PRODUCT_NAME = "$(TARGET_NAME)";
				TEST_HOST = "$(BUILT_PRODUCTS_DIR)/XcodeTV.app/XcodeTV";
			};
			name = Debug;
		};
		A4F652CA1BEC5D35008F0B14 /* Release */ = {
			isa = XCBuildConfiguration;
			buildSettings = {
				BUNDLE_LOADER = "$(TEST_HOST)";
				INFOPLIST_FILE = XcodeTVTests/Info.plist;
				LD_RUNPATH_SEARCH_PATHS = "$(inherited) @executable_path/Frameworks @loader_path/Frameworks";
				PRODUCT_BUNDLE_IDENTIFIER = com.articulate.XcodeTVTests;
				PRODUCT_NAME = "$(TARGET_NAME)";
				TEST_HOST = "$(BUILT_PRODUCTS_DIR)/XcodeTV.app/XcodeTV";
			};
			name = Release;
		};
		A4F652CC1BEC5D35008F0B14 /* Debug */ = {
			isa = XCBuildConfiguration;
			buildSettings = {
				INFOPLIST_FILE = XcodeTVUITests/Info.plist;
				LD_RUNPATH_SEARCH_PATHS = "$(inherited) @executable_path/Frameworks @loader_path/Frameworks";
				PRODUCT_BUNDLE_IDENTIFIER = com.articulate.XcodeTVUITests;
				PRODUCT_NAME = "$(TARGET_NAME)";
				TEST_TARGET_NAME = XcodeTV;
				USES_XCTRUNNER = YES;
			};
			name = Debug;
		};
		A4F652CD1BEC5D35008F0B14 /* Release */ = {
			isa = XCBuildConfiguration;
			buildSettings = {
				INFOPLIST_FILE = XcodeTVUITests/Info.plist;
				LD_RUNPATH_SEARCH_PATHS = "$(inherited) @executable_path/Frameworks @loader_path/Frameworks";
				PRODUCT_BUNDLE_IDENTIFIER = com.articulate.XcodeTVUITests;
				PRODUCT_NAME = "$(TARGET_NAME)";
				TEST_TARGET_NAME = XcodeTV;
				USES_XCTRUNNER = YES;
			};
			name = Release;
		};
/* End XCBuildConfiguration section */

/* Begin XCConfigurationList section */
		A4F652931BEC5D35008F0B14 /* Build configuration list for PBXProject "XcodeTV" */ = {
			isa = XCConfigurationList;
			buildConfigurations = (
				A4F652C31BEC5D35008F0B14 /* Debug */,
				A4F652C41BEC5D35008F0B14 /* Release */,
			);
			defaultConfigurationIsVisible = 0;
			defaultConfigurationName = Release;
		};
		A4F652C51BEC5D35008F0B14 /* Build configuration list for PBXNativeTarget "XcodeTV" */ = {
			isa = XCConfigurationList;
			buildConfigurations = (
				A4F652C61BEC5D35008F0B14 /* Debug */,
				A4F652C71BEC5D35008F0B14 /* Release */,
			);
			defaultConfigurationIsVisible = 0;
			defaultConfigurationName = Release;
		};
		A4F652C81BEC5D35008F0B14 /* Build configuration list for PBXNativeTarget "XcodeTVTests" */ = {
			isa = XCConfigurationList;
			buildConfigurations = (
				A4F652C91BEC5D35008F0B14 /* Debug */,
				A4F652CA1BEC5D35008F0B14 /* Release */,
			);
			defaultConfigurationIsVisible = 0;
			defaultConfigurationName = Release;
		};
		A4F652CB1BEC5D35008F0B14 /* Build configuration list for PBXNativeTarget "XcodeTVUITests" */ = {
			isa = XCConfigurationList;
			buildConfigurations = (
				A4F652CC1BEC5D35008F0B14 /* Debug */,
				A4F652CD1BEC5D35008F0B14 /* Release */,
			);
			defaultConfigurationIsVisible = 0;
			defaultConfigurationName = Release;
		};
/* End XCConfigurationList section */
	};
	rootObject = A4F652901BEC5D35008F0B14 /* Project object */;
}
